github.com/mattn/go-isatty v0.0.24 h1:tGZZoVgT/KiqK1c8ocVLeDS8BSWMRd47J3Lbz7vsReI=
github.com/mattn/go-isatty v0.0.24/go.mod h1:nMCL3Zebbrt45jsMDgnfIwz6ydEQApk5oEI3HqDio6A=
github.com/omilevskyi/go v0.1.29 h1:GNbnovHWPQcLXUV0QgjJXqXq3wRZQ3iBLLu/oyaFjwE=
github.com/omilevskyi/go v0.1.29/go.mod h1:BZGwH49kf0AEKhpaAIYZiA3EzXUUziQv3L2voXTdjw8=
golang.org/x/sys v0.48.0 h1:bbX/i/6MgT9BVLM9RT1thmxL04yeTAhbEz4SyadbXoo=
golang.org/x/sys v0.48.0/go.mod h1:hNLxWAXmnKAxqDtdwIYC4bM9oQPEecfsnNMuSxOs3og=
