github.com/aws/aws-sdk-go-v2 v1.43.5 h1:yKT5GYnFWhuDo+DqKvE5ZPwVn3RjC4MAeBtZGlh6AVM=
github.com/aws/aws-sdk-go-v2 v1.43.5/go.mod h1:wZjAJppCntyOGgVSmgVTfDyRJK5PHOasO6Wsy8U7Axk=
github.com/aws/aws-sdk-go-v2/config v1.32.34 h1:o+YAizrX562nEZXaB38uYTK8RvIsvW0uuRP+e5e0Pfk=
github.com/aws/aws-sdk-go-v2/config v1.32.34/go.mod h1:wc0zYRChOniiufvdWiRVf3jgXSgbkvaD683IHHHc2ZQ=
github.com/aws/aws-sdk-go-v2/credentials v1.19.33 h1:/e5V3EWfeDiW6cuRxHsC8gbwko4/vvVYPJR2afBKFFY=
github.com/aws/aws-sdk-go-v2/credentials v1.19.33/go.mod h1:ZxAmkcyOM9beY/WO9oxp2oVPXiP3rq5N1/p4NbenJdE=
github.com/aws/aws-sdk-go-v2/feature/ec2/imds v1.18.34 h1:1EsGke6rTD2CG3j2MMVB77n6Q+FlbQWYI/dFdLWBNtM=
github.com/aws/aws-sdk-go-v2/feature/ec2/imds v1.18.34/go.mod h1:5B1Z/QbaWzqoWRzYxZfmCbDDRcvUHcfAIQw/S+KfDmc=
github.com/aws/aws-sdk-go-v2/internal/configsources v1.4.36 h1:5CrzwxDqf4w3x1Vs3/NiZ0nsC34Hbm3pIDMWbsLebOE=
github.com/aws/aws-sdk-go-v2/internal/configsources v1.4.36/go.mod h1:A3gHdKZIvG/QXERzZwcxNS3RNDFcRCuhhTFBYp+V/nw=
github.com/aws/aws-sdk-go-v2/internal/endpoints/v2 v2.7.36 h1:A4N2f4YPcST0v+dWtX+xrpPPCL9VTBhoIFFUWYqbacE=
github.com/aws/aws-sdk-go-v2/internal/endpoints/v2 v2.7.36/go.mod h1:B/Qr859uxWUEfZeGotK5KAEoof4Q9YWgNtPSwV6jcyk=
github.com/aws/aws-sdk-go-v2/internal/v4a v1.4.35 h1:Oe8gMKJLO5awqpa5EhAGKVnBv1s+brdWVuxM2mDa7zA=
github.com/aws/aws-sdk-go-v2/internal/v4a v1.4.35/go.mod h1:FZevcG9cOST/FWAAUhHIchjR9fXFXFRCWodOhx+PDLA=
github.com/aws/aws-sdk-go-v2/service/elasticloadbalancingv2 v1.58.5 h1:3Zphqh8L0blfkrdUv270L8RuNy0RvltPMaskEbs+Xo8=
github.com/aws/aws-sdk-go-v2/service/elasticloadbalancingv2 v1.58.5/go.mod h1:Mr4sgkXQN58SJTNJq64yKOrHzA9cqbS2MKExmDCtdcY=
github.com/aws/aws-sdk-go-v2/service/internal/accept-encoding v1.13.15 h1:JJLBQxwY+AFwuPAi5ivGc1ChnTdUt4cXMv7e76m2c/Y=
github.com/aws/aws-sdk-go-v2/service/internal/accept-encoding v1.13.15/go.mod h1:lQknBIe78MVL0cQOQDlag8KGflMbMEVFx9mB6O8ENvk=
github.com/aws/aws-sdk-go-v2/service/internal/presigned-url v1.13.34 h1:sYg4qHWLqsjp15PzX7XCOHSOgKEGoZ5vQY43VvZ1pas=
github.com/aws/aws-sdk-go-v2/service/internal/presigned-url v1.13.34/go.mod h1:N58SSz3roKf1HzW5qRaOiyk6MbDLTKgLPvlTfJ90iyI=
github.com/aws/aws-sdk-go-v2/service/signin v1.5.3 h1:togAtAmgV5IGMnQDuBDJeM8z5Y5RN6G7xeOgphWz+Yc=
github.com/aws/aws-sdk-go-v2/service/signin v1.5.3/go.mod h1:T7xKUUUvN7W3RW8UmMvKnD12xqh+Ux2gCPHPhnt64Dg=
github.com/aws/aws-sdk-go-v2/service/sso v1.33.3 h1:YjH64OUytnWZBHUtM9GMyi4ZWBiSQdEJkZuPykOIe44=
github.com/aws/aws-sdk-go-v2/service/sso v1.33.3/go.mod h1:5qoHcDZDTSJotoKk1bvVRPv1MXaL/NhfY9ng8D1g/ig=
github.com/aws/aws-sdk-go-v2/service/ssooidc v1.38.3 h1:A4o1di/XGaqtw6r3toSBrFX2U7mVSLqg7jo9wL4I+cU=
github.com/aws/aws-sdk-go-v2/service/ssooidc v1.38.3/go.mod h1:sKuKz2kHtrGVtFu34vbM3LWSA9CKD9YZUmm6e5PPqRA=
github.com/aws/aws-sdk-go-v2/service/sts v1.45.3 h1:Fi7+DiKN1+QphlajvE6FqeZ8GRbnnRul7zTdUiRpbGc=
github.com/aws/aws-sdk-go-v2/service/sts v1.45.3/go.mod h1:KCc3e27fHZUGtzpek7wZcp6dyCpGkJJo/+3PBujh/yU=
github.com/aws/smithy-go v1.27.7 h1:Zgj5z4LfcDYoQIVk+n/yGdTkP/2y6ZT5vYxe0fp7bqE=
github.com/aws/smithy-go v1.27.7/go.mod h1:YE2RhdIuDbA5E5bTdciG9KrW3+TiEONeUWCqxX9i1Fc=
github.com/mattn/go-isatty v0.0.24 h1:tGZZoVgT/KiqK1c8ocVLeDS8BSWMRd47J3Lbz7vsReI=
github.com/mattn/go-isatty v0.0.24/go.mod h1:nMCL3Zebbrt45jsMDgnfIwz6ydEQApk5oEI3HqDio6A=
github.com/omilevskyi/go v0.1.9 h1:LUUjD2tDsFDOogRS15S+ZnwvAxwnlPFNHG6yCtUfOig=
github.com/omilevskyi/go v0.1.9/go.mod h1:wErkqjS7VxWpYmpZPE+TdHSnPyal4f1j3gVys5OpoXc=
golang.org/x/sys v0.47.0 h1:o7XGOvZQCADBQQ4Y7VNq2dRWQR7JmOUW8Kxx4ZsNgWs=
golang.org/x/sys v0.47.0/go.mod h1:4GL1E5IUh+htKOUEOaiffhrAeqysfVGipDYzABqnCmw=
